
Microsoft Visual Studio Solution File, Format Version 12.00
# Visual Studio 15
VisualStudioVersion = 15.0.28307.1022
MinimumVisualStudioVersion = 10.0.40219.1
Project("{FAE04EC0-301F-11D3-BF4B-00C04F79EFBC}") = "Server", "Server\Server.csproj", "{20EC3E54-AB82-4723-B7A9-AB3608B13D74}"
EndProject
Project("{FAE04EC0-301F-11D3-BF4B-00C04F79EFBC}") = "Client", "Client\Client.csproj", "{44DECF67-65CB-4F79-8907-2F13624153D6}"
EndProject
Global
	GlobalSection(SolutionConfigurationPlatforms) = preSolution
		Debug|Any CPU = Debug|Any CPU
		Release|Any CPU = Release|Any CPU
	EndGlobalSection
	GlobalSection(ProjectConfigurationPlatforms) = postSolution
		{20EC3E54-AB82-4723-B7A9-AB3608B13D74}.Debug|Any CPU.ActiveCfg = Debug|Any CPU
		{20EC3E54-AB82-4723-B7A9-AB3608B13D74}.Debug|Any CPU.Build.0 = Debug|Any CPU
		{20EC3E54-AB82-4723-B7A9-AB3608B13D74}.Release|Any CPU.ActiveCfg = Release|Any CPU
		{20EC3E54-AB82-4723-B7A9-AB3608B13D74}.Release|Any CPU.Build.0 = Release|Any CPU
		{44DECF67-65CB-4F79-8907-2F13624153D6}.Debug|Any CPU.ActiveCfg = Debug|Any CPU
		{44DECF67-65CB-4F79-8907-2F13624153D6}.Debug|Any CPU.Build.0 = Debug|Any CPU
		{44DECF67-65CB-4F79-8907-2F13624153D6}.Release|Any CPU.ActiveCfg = Release|Any CPU
		{44DECF67-65CB-4F79-8907-2F13624153D6}.Release|Any CPU.Build.0 = Release|Any CPU
	EndGlobalSection
	GlobalSection(SolutionProperties) = preSolution
		HideSolutionNode = FALSE
	EndGlobalSection
	GlobalSection(ExtensibilityGlobals) = postSolution
		SolutionGuid = {9B324F74-003D-4DFD-8E57-A991F38C5EB5}
	EndGlobalSection
EndGlobal
